
Microsoft Visual Studio Solution File, Format Version 12.00
# Visual Studio Version 17
VisualStudioVersion = 17.7.34031.279
MinimumVisualStudioVersion = 10.0.40219.1
Project("{FAE04EC0-301F-11D3-BF4B-00C04F79EFBC}") = "RealEstate_Api", "RealEstate\RealEstate_Api.csproj", "{C415052D-E493-43BF-89C1-87EF11FA3301}"
EndProject
Project("{FAE04EC0-301F-11D3-BF4B-00C04F79EFBC}") = "RealEstate_UI", "RealEstate_UI\RealEstate_UI.csproj", "{AB57461F-9D12-46D1-A76D-89C18F4999AA}"
EndProject
Global
	GlobalSection(SolutionConfigurationPlatforms) = preSolution
		Debug|Any CPU = Debug|Any CPU
		Release|Any CPU = Release|Any CPU
	EndGlobalSection
	GlobalSection(ProjectConfigurationPlatforms) = postSolution
		{C415052D-E493-43BF-89C1-87EF11FA3301}.Debug|Any CPU.ActiveCfg = Debug|Any CPU
		{C415052D-E493-43BF-89C1-87EF11FA3301}.Debug|Any CPU.Build.0 = Debug|Any CPU
		{C415052D-E493-43BF-89C1-87EF11FA3301}.Release|Any CPU.ActiveCfg = Release|Any CPU
		{C415052D-E493-43BF-89C1-87EF11FA3301}.Release|Any CPU.Build.0 = Release|Any CPU
		{AB57461F-9D12-46D1-A76D-89C18F4999AA}.Debug|Any CPU.ActiveCfg = Debug|Any CPU
		{AB57461F-9D12-46D1-A76D-89C18F4999AA}.Debug|Any CPU.Build.0 = Debug|Any CPU
		{AB57461F-9D12-46D1-A76D-89C18F4999AA}.Release|Any CPU.ActiveCfg = Release|Any CPU
		{AB57461F-9D12-46D1-A76D-89C18F4999AA}.Release|Any CPU.Build.0 = Release|Any CPU
	EndGlobalSection
	GlobalSection(SolutionProperties) = preSolution
		HideSolutionNode = FALSE
	EndGlobalSection
	GlobalSection(ExtensibilityGlobals) = postSolution
		SolutionGuid = {A10A0DAE-E391-44F0-A066-D6B99FD6FA26}
	EndGlobalSection
EndGlobal
